
Microsoft Visual Studio Solution File, Format Version 12.00
# Visual Studio Version 16
VisualStudioVersion = 16.0.30804.86
MinimumVisualStudioVersion = 10.0.40219.1
Project("{FAE04EC0-301F-11D3-BF4B-00C04F79EFBC}") = "PruebaZonaVirtual", "PruebaZonaVirtual.csproj", "{69903117-2EE6-4D1E-8E2D-970B45981166}"
EndProject
Global
	GlobalSection(SolutionConfigurationPlatforms) = preSolution
		Debug|Any CPU = Debug|Any CPU
		Release|Any CPU = Release|Any CPU
	EndGlobalSection
	GlobalSection(ProjectConfigurationPlatforms) = postSolution
		{69903117-2EE6-4D1E-8E2D-970B45981166}.Debug|Any CPU.ActiveCfg = Debug|Any CPU
		{69903117-2EE6-4D1E-8E2D-970B45981166}.Debug|Any CPU.Build.0 = Debug|Any CPU
		{69903117-2EE6-4D1E-8E2D-970B45981166}.Release|Any CPU.ActiveCfg = Release|Any CPU
		{69903117-2EE6-4D1E-8E2D-970B45981166}.Release|Any CPU.Build.0 = Release|Any CPU
	EndGlobalSection
	GlobalSection(SolutionProperties) = preSolution
		HideSolutionNode = FALSE
	EndGlobalSection
	GlobalSection(ExtensibilityGlobals) = postSolution
		SolutionGuid = {328184A1-2046-4C20-AAEF-6FB74303A08C}
	EndGlobalSection
EndGlobal
